
Microsoft Visual Studio Solution File, Format Version 12.00
# Visual Studio Version 17
VisualStudioVersion = 17.5.002.0
MinimumVisualStudioVersion = 10.0.40219.1
Project("{9A19103F-16F7-4668-BE54-9A1E7A4F7556}") = "dungeon-of-ty", "dungeon-of-ty.csproj", "{5FE298E3-A1CD-4FB4-9028-2F9A2ECF7B50}"
EndProject
Global
	GlobalSection(SolutionConfigurationPlatforms) = preSolution
		Debug|Any CPU = Debug|Any CPU
		Release|Any CPU = Release|Any CPU
	EndGlobalSection
	GlobalSection(ProjectConfigurationPlatforms) = postSolution
		{5FE298E3-A1CD-4FB4-9028-2F9A2ECF7B50}.Debug|Any CPU.ActiveCfg = Debug|Any CPU
		{5FE298E3-A1CD-4FB4-9028-2F9A2ECF7B50}.Debug|Any CPU.Build.0 = Debug|Any CPU
		{5FE298E3-A1CD-4FB4-9028-2F9A2ECF7B50}.Release|Any CPU.ActiveCfg = Release|Any CPU
		{5FE298E3-A1CD-4FB4-9028-2F9A2ECF7B50}.Release|Any CPU.Build.0 = Release|Any CPU
	EndGlobalSection
	GlobalSection(SolutionProperties) = preSolution
		HideSolutionNode = FALSE
	EndGlobalSection
	GlobalSection(ExtensibilityGlobals) = postSolution
		SolutionGuid = {14764D1B-3383-4E56-BAB3-55C31E5E3C70}
	EndGlobalSection
EndGlobal
